
Microsoft Visual Studio Solution File, Format Version 12.00
# Visual Studio 14
VisualStudioVersion = 14.0.23107.0
MinimumVisualStudioVersion = 10.0.40219.1
Project("{FAE04EC0-301F-11D3-BF4B-00C04F79EFBC}") = "TWD", "TWD\TWD\TWD.csproj", "{592E7D2B-4B8A-4099-98CD-6C5508BED6D6}"
EndProject
Project("{FAE04EC0-301F-11D3-BF4B-00C04F79EFBC}") = "TWDContent", "TWD\TWDContent\TWDContent.contentproj", "{6246C964-C894-4AC2-970C-91C6FF22E4D0}"
EndProject
Project("{FAE04EC0-301F-11D3-BF4B-00C04F79EFBC}") = "Busca", "Busca\Busca.csproj", "{038F3F2F-3374-4116-B1D1-EEBB51177C57}"
EndProject
Global
	GlobalSection(SolutionConfigurationPlatforms) = preSolution
		Debug|Any CPU = Debug|Any CPU
		Debug|x86 = Debug|x86
		Release|Any CPU = Release|Any CPU
		Release|x86 = Release|x86
	EndGlobalSection
	GlobalSection(ProjectConfigurationPlatforms) = postSolution
		{592E7D2B-4B8A-4099-98CD-6C5508BED6D6}.Debug|Any CPU.ActiveCfg = Debug|x86
		{592E7D2B-4B8A-4099-98CD-6C5508BED6D6}.Debug|x86.ActiveCfg = Debug|x86
		{592E7D2B-4B8A-4099-98CD-6C5508BED6D6}.Debug|x86.Build.0 = Debug|x86
		{592E7D2B-4B8A-4099-98CD-6C5508BED6D6}.Release|Any CPU.ActiveCfg = Release|x86
		{592E7D2B-4B8A-4099-98CD-6C5508BED6D6}.Release|x86.ActiveCfg = Release|x86
		{592E7D2B-4B8A-4099-98CD-6C5508BED6D6}.Release|x86.Build.0 = Release|x86
		{6246C964-C894-4AC2-970C-91C6FF22E4D0}.Debug|Any CPU.ActiveCfg = Debug|x86
		{6246C964-C894-4AC2-970C-91C6FF22E4D0}.Debug|x86.ActiveCfg = Debug|x86
		{6246C964-C894-4AC2-970C-91C6FF22E4D0}.Release|Any CPU.ActiveCfg = Release|x86
		{6246C964-C894-4AC2-970C-91C6FF22E4D0}.Release|x86.ActiveCfg = Release|x86
		{038F3F2F-3374-4116-B1D1-EEBB51177C57}.Debug|Any CPU.ActiveCfg = Debug|Any CPU
		{038F3F2F-3374-4116-B1D1-EEBB51177C57}.Debug|Any CPU.Build.0 = Debug|Any CPU
		{038F3F2F-3374-4116-B1D1-EEBB51177C57}.Debug|x86.ActiveCfg = Debug|Any CPU
		{038F3F2F-3374-4116-B1D1-EEBB51177C57}.Debug|x86.Build.0 = Debug|Any CPU
		{038F3F2F-3374-4116-B1D1-EEBB51177C57}.Release|Any CPU.ActiveCfg = Release|Any CPU
		{038F3F2F-3374-4116-B1D1-EEBB51177C57}.Release|Any CPU.Build.0 = Release|Any CPU
		{038F3F2F-3374-4116-B1D1-EEBB51177C57}.Release|x86.ActiveCfg = Release|Any CPU
		{038F3F2F-3374-4116-B1D1-EEBB51177C57}.Release|x86.Build.0 = Release|Any CPU
	EndGlobalSection
	GlobalSection(SolutionProperties) = preSolution
		HideSolutionNode = FALSE
	EndGlobalSection
EndGlobal
